
Microsoft Visual Studio Solution File, Format Version 12.00
# Visual Studio 15
VisualStudioVersion = 15.0.33026.149
MinimumVisualStudioVersion = 10.0.40219.1
Project("{E24C65DC-7377-472B-9ABA-BC803B73C61A}") = "piglobal.net", "D:\Project\PI PROJECT\code\piglobal.net\", "{79B9C493-552C-40D5-BA07-DE5B4EB19B93}"
	ProjectSection(WebsiteProperties) = preProject
		TargetFrameworkMoniker = ".NETFramework,Version%3Dv4.7"
		Debug.AspNetCompiler.VirtualPath = "/localhost_63740"
		Debug.AspNetCompiler.PhysicalPath = "D:\Project\PI PROJECT\code\piglobal.net\"
		Debug.AspNetCompiler.TargetPath = "PrecompiledWeb\localhost_63740\"
		Debug.AspNetCompiler.Updateable = "true"
		Debug.AspNetCompiler.ForceOverwrite = "true"
		Debug.AspNetCompiler.FixedNames = "false"
		Debug.AspNetCompiler.Debug = "True"
		Release.AspNetCompiler.VirtualPath = "/localhost_63740"
		Release.AspNetCompiler.PhysicalPath = "D:\Project\PI PROJECT\code\piglobal.net\"
		Release.AspNetCompiler.TargetPath = "PrecompiledWeb\localhost_63740\"
		Release.AspNetCompiler.Updateable = "true"
		Release.AspNetCompiler.ForceOverwrite = "true"
		Release.AspNetCompiler.FixedNames = "false"
		Release.AspNetCompiler.Debug = "False"
		VWDPort = "63740"
		SlnRelativePath = "D:\Project\PI PROJECT\code\piglobal.net\"
	EndProjectSection
EndProject
Global
	GlobalSection(SolutionConfigurationPlatforms) = preSolution
		Debug|Any CPU = Debug|Any CPU
	EndGlobalSection
	GlobalSection(ProjectConfigurationPlatforms) = postSolution
		{79B9C493-552C-40D5-BA07-DE5B4EB19B93}.Debug|Any CPU.ActiveCfg = Debug|Any CPU
		{79B9C493-552C-40D5-BA07-DE5B4EB19B93}.Debug|Any CPU.Build.0 = Debug|Any CPU
	EndGlobalSection
	GlobalSection(SolutionProperties) = preSolution
		HideSolutionNode = FALSE
	EndGlobalSection
	GlobalSection(ExtensibilityGlobals) = postSolution
		SolutionGuid = {C782BE05-FB74-48AF-B4BC-08FE1B70D6C3}
	EndGlobalSection
EndGlobal
